
Microsoft Visual Studio Solution File, Format Version 12.00
# Visual Studio Version 16
VisualStudioVersion = 16.0.31205.134
MinimumVisualStudioVersion = 10.0.40219.1
Project("{9A19103F-16F7-4668-BE54-9A1E7A4F7556}") = "Domain", "Domain\Domain.csproj", "{3B5B8EA7-350D-4EBB-AAF1-CEC1B75A3899}"
EndProject
Project("{9A19103F-16F7-4668-BE54-9A1E7A4F7556}") = "Application", "Application\Application.csproj", "{A9A7408E-76F8-4248-9FC5-1446031DD66B}"
EndProject
Project("{9A19103F-16F7-4668-BE54-9A1E7A4F7556}") = "Infrastructure", "Infrastructure\Infrastructure.csproj", "{0B88BAA6-E0F9-424A-8C04-3F4755A055D4}"
EndProject
Project("{9A19103F-16F7-4668-BE54-9A1E7A4F7556}") = "API", "API\API.csproj", "{199EDC4F-0BAF-4382-A003-589D1BEFF4EC}"
EndProject
Global
	GlobalSection(SolutionConfigurationPlatforms) = preSolution
		Debug|Any CPU = Debug|Any CPU
		Release|Any CPU = Release|Any CPU
	EndGlobalSection
	GlobalSection(ProjectConfigurationPlatforms) = postSolution
		{3B5B8EA7-350D-4EBB-AAF1-CEC1B75A3899}.Debug|Any CPU.ActiveCfg = Debug|Any CPU
		{3B5B8EA7-350D-4EBB-AAF1-CEC1B75A3899}.Debug|Any CPU.Build.0 = Debug|Any CPU
		{3B5B8EA7-350D-4EBB-AAF1-CEC1B75A3899}.Release|Any CPU.ActiveCfg = Release|Any CPU
		{3B5B8EA7-350D-4EBB-AAF1-CEC1B75A3899}.Release|Any CPU.Build.0 = Release|Any CPU
		{A9A7408E-76F8-4248-9FC5-1446031DD66B}.Debug|Any CPU.ActiveCfg = Debug|Any CPU
		{A9A7408E-76F8-4248-9FC5-1446031DD66B}.Debug|Any CPU.Build.0 = Debug|Any CPU
		{A9A7408E-76F8-4248-9FC5-1446031DD66B}.Release|Any CPU.ActiveCfg = Release|Any CPU
		{A9A7408E-76F8-4248-9FC5-1446031DD66B}.Release|Any CPU.Build.0 = Release|Any CPU
		{0B88BAA6-E0F9-424A-8C04-3F4755A055D4}.Debug|Any CPU.ActiveCfg = Debug|Any CPU
		{0B88BAA6-E0F9-424A-8C04-3F4755A055D4}.Debug|Any CPU.Build.0 = Debug|Any CPU
		{0B88BAA6-E0F9-424A-8C04-3F4755A055D4}.Release|Any CPU.ActiveCfg = Release|Any CPU
		{0B88BAA6-E0F9-424A-8C04-3F4755A055D4}.Release|Any CPU.Build.0 = Release|Any CPU
		{199EDC4F-0BAF-4382-A003-589D1BEFF4EC}.Debug|Any CPU.ActiveCfg = Debug|Any CPU
		{199EDC4F-0BAF-4382-A003-589D1BEFF4EC}.Debug|Any CPU.Build.0 = Debug|Any CPU
		{199EDC4F-0BAF-4382-A003-589D1BEFF4EC}.Release|Any CPU.ActiveCfg = Release|Any CPU
		{199EDC4F-0BAF-4382-A003-589D1BEFF4EC}.Release|Any CPU.Build.0 = Release|Any CPU
	EndGlobalSection
	GlobalSection(SolutionProperties) = preSolution
		HideSolutionNode = FALSE
	EndGlobalSection
	GlobalSection(ExtensibilityGlobals) = postSolution
		SolutionGuid = {404E5698-CB58-414B-A832-A321BC1B6A6E}
	EndGlobalSection
EndGlobal
